hash: ba317f1d56dcc707a37a3ee1e82f1df1cc224344b173b3941b76738b4bf8b428
updated: 2020-03-12T14:45:07.96711-05:00
imports:
- name: code.cloudfoundry.org/cfhttp
  version: fec6281a6f14dd04834fc71023411d4a5319bc12
  subpackages:
  - unix_transport
- name: code.cloudfoundry.org/cflager
  version: 185387b03a3c0962c9c283b790b9a7ae68b4cbef
- name: code.cloudfoundry.org/go-diodes
  version: f77fb823c7ee0156ed4cdadaf4f79ac3fd84613f
- name: code.cloudfoundry.org/go-loggregator
  version: 3b3c7567591d7c217a33a511122fc186a5d8d1f7
  subpackages:
  - conversion
  - rpc/loggregator_v2
- name: code.cloudfoundry.org/gofileutils
  version: 4d0c80011a0f37da1711c184028bc40137cd45af
  subpackages:
  - fileutils
- name: code.cloudfoundry.org/lager
  version: c49605531964c17b1b6fc82edb59cd245bf22098
  subpackages:
  - internal/truncate
- name: code.cloudfoundry.org/rfc5424
  version: 236a6d29298aea12f69978f33393d12465abc429
- name: github.com/alecthomas/template
  version: fb15b899a75114aa79cc930e33c46b577cc664b1
  subpackages:
  - parse
- name: github.com/alecthomas/units
  version: f65c72e2690dc4b403c8bd637baf4611cd4c069b
- name: github.com/boltdb/bolt
  version: fd01fc79c553a8e99d512a07e8e0c63d4a3ccfc5
- name: github.com/cloudfoundry-community/go-cfclient
  version: 35bcce23fc5f8b9969723ac38c0de1f82c4d3471
- name: github.com/cloudfoundry-incubator/uaago
  version: 8136b7bbe76e26394600a790a95c15eac955f4fc
- name: github.com/cloudfoundry/noaa
  version: 5ce49363dfa666c00fc716cb5f8c2f99462b41ef
  subpackages:
  - consumer
- name: github.com/cloudfoundry/sonde-go
  version: b33733203bb48d7c56de7cb639d77f78b0449d19
  subpackages:
  - events
- name: github.com/go-martini/martini
  version: 49411a5b646861ad29a6ddd5351717a0a9c49b94
- name: github.com/gogo/protobuf
  version: 5628607bb4c51c3157aacc3a50f0ab707582b805
  subpackages:
  - gogoproto
  - proto
  - protoc-gen-gogo/descriptor
- name: github.com/golang/protobuf
  version: 5d5b4c10bd43f85e63bd9e4a3fa9b1ea2ef88af2
  subpackages:
  - jsonpb
  - proto
  - ptypes
  - ptypes/any
  - ptypes/duration
  - ptypes/struct
  - ptypes/timestamp
- name: github.com/google/uuid
  version: 7c63a14153262497940ad1c2237accc855f47684
- name: github.com/kelseyhightower/envconfig
  version: 0b417c4ec4a8a82eecc22a1459a504aa55163d61
- name: github.com/konsorten/go-windows-terminal-sequences
  version: f55edac94c9bbba5d6182a4be46d86a2c9b5b50e
- name: github.com/mailru/easyjson
  version: f5d75e7e500c21faa7d1f653ab7e855b3eed6192
  subpackages:
  - buffer
  - jlexer
  - jwriter
- name: github.com/Masterminds/semver
  version: 5bc507e79c45da25bd829356029a0485c28227db
- name: github.com/pkg/errors
  version: ba968bfe8b2f7e042a574c888954fccecfa385b4
- name: github.com/sirupsen/logrus
  version: 839c75faf7f98a33d445d181f3018b5c3409a45e
- name: golang.org/x/net
  version: 244492dfa37ae2ce87222fd06250a03160745faa
  subpackages:
  - context
  - context/ctxhttp
  - html
  - html/atom
  - html/charset
  - http/httpguts
  - http2
  - http2/hpack
  - idna
  - internal/timeseries
  - trace
- name: golang.org/x/oauth2
  version: bf48bf16ab8d622ce64ec6ce98d2c98f916b6303
  subpackages:
  - clientcredentials
  - internal
- name: golang.org/x/sys
  version: 5c8b2ff67527cb88b770f693cebf3799036d8bc0
  subpackages:
  - unix
- name: golang.org/x/text
  version: 06d492aade888ab8698aad35476286b7b555c961
  subpackages:
  - encoding
  - encoding/charmap
  - encoding/htmlindex
  - encoding/internal
  - encoding/internal/identifier
  - encoding/japanese
  - encoding/korean
  - encoding/simplifiedchinese
  - encoding/traditionalchinese
  - encoding/unicode
  - internal/language
  - internal/language/compact
  - internal/tag
  - internal/utf8internal
  - language
  - runes
  - secure/bidirule
  - transform
  - unicode/bidi
  - unicode/norm
- name: google.golang.org/appengine
  version: b6ce0843b556e44e6416df5c2fd05db0869cc8d4
  subpackages:
  - internal
  - internal/base
  - internal/datastore
  - internal/log
  - internal/remote_api
  - internal/urlfetch
  - urlfetch
- name: google.golang.org/genproto
  version: da6875a35672a8824ec7894e2c0ec480b4250e01
  subpackages:
  - googleapis/rpc/status
- name: google.golang.org/grpc
  version: 0e160327ed89823ffb26c01a8caacb991761be7e
  subpackages:
  - attributes
  - backoff
  - balancer
  - balancer/base
  - balancer/roundrobin
  - binarylog/grpc_binarylog_v1
  - codes
  - connectivity
  - credentials
  - credentials/internal
  - encoding
  - encoding/proto
  - grpclog
  - internal
  - internal/backoff
  - internal/balancerload
  - internal/binarylog
  - internal/buffer
  - internal/channelz
  - internal/envconfig
  - internal/grpclog
  - internal/grpcrand
  - internal/grpcsync
  - internal/grpcutil
  - internal/resolver/dns
  - internal/resolver/passthrough
  - internal/syscall
  - internal/transport
  - keepalive
  - metadata
  - naming
  - peer
  - resolver
  - serviceconfig
  - stats
  - status
  - tap
- name: gopkg.in/alecthomas/kingpin.v2
  version: 947dcec5ba9c011838740e680966fd7087a71d0d
- name: gopkg.in/yaml.v2
  version: 53403b58ad1b561927d19068c655246f2db79d48
testImports:
- name: github.com/hpcloud/tail
  version: a1dbeea552b7c8df4b542c66073e393de198a800
  subpackages:
  - ratelimiter
  - util
  - watch
  - winfile
- name: github.com/onsi/ginkgo
  version: 40598150331533e3cd497f21dcce387dae84b561
  subpackages:
  - config
  - internal/codelocation
  - internal/containernode
  - internal/failer
  - internal/leafnodes
  - internal/remote
  - internal/spec
  - internal/spec_iterator
  - internal/specrunner
  - internal/suite
  - internal/testingtproxy
  - internal/writer
  - reporters
  - reporters/stenographer
  - reporters/stenographer/support/go-colorable
  - reporters/stenographer/support/go-isatty
  - types
- name: github.com/onsi/gomega
  version: 6024f5bbe35dee8d348ec498fd7eb394236a81c2
  subpackages:
  - format
  - internal/assertion
  - internal/asyncassertion
  - internal/oraclematcher
  - internal/testingtsupport
  - matchers
  - matchers/support/goraph/bipartitegraph
  - matchers/support/goraph/edge
  - matchers/support/goraph/node
  - matchers/support/goraph/util
  - types
- name: golang.org/x/xerrors
  version: 9bdfabe68543c54f90421aeb9a60ef8061b5b544
  subpackages:
  - internal
- name: gopkg.in/fsnotify/fsnotify.v1
  version: 45d7d09e39ef4ac08d493309fa031790c15bfe8a
- name: gopkg.in/tomb.v1
  version: c131134a1947e9afd9cecfe11f4c6dff0732ae58
